
Microsoft Visual Studio Solution File, Format Version 12.00
# Visual Studio Version 17
VisualStudioVersion = 17.9.34607.119
MinimumVisualStudioVersion = 10.0.40219.1
Project("{9A19103F-16F7-4668-BE54-9A1E7A4F7556}") = "VirtualOrigenServer", "VirtualOrigenServer\VirtualOrigenServer.csproj", "{3B855D74-2D10-49D1-B4DC-58D647CE8492}"
EndProject
Project("{FAE04EC0-301F-11D3-BF4B-00C04F79EFBC}") = "PropertyWeatherService", "PropertyWeatherService\PropertyWeatherService.csproj", "{7229B5AE-7A7F-47AD-BFB5-B37FF3BD3975}"
EndProject
Global
	GlobalSection(SolutionConfigurationPlatforms) = preSolution
		Debug|Any CPU = Debug|Any CPU
		Release|Any CPU = Release|Any CPU
	EndGlobalSection
	GlobalSection(ProjectConfigurationPlatforms) = postSolution
		{3B855D74-2D10-49D1-B4DC-58D647CE8492}.Debug|Any CPU.ActiveCfg = Debug|Any CPU
		{3B855D74-2D10-49D1-B4DC-58D647CE8492}.Debug|Any CPU.Build.0 = Debug|Any CPU
		{3B855D74-2D10-49D1-B4DC-58D647CE8492}.Release|Any CPU.ActiveCfg = Release|Any CPU
		{3B855D74-2D10-49D1-B4DC-58D647CE8492}.Release|Any CPU.Build.0 = Release|Any CPU
		{7229B5AE-7A7F-47AD-BFB5-B37FF3BD3975}.Debug|Any CPU.ActiveCfg = Debug|Any CPU
		{7229B5AE-7A7F-47AD-BFB5-B37FF3BD3975}.Debug|Any CPU.Build.0 = Debug|Any CPU
		{7229B5AE-7A7F-47AD-BFB5-B37FF3BD3975}.Release|Any CPU.ActiveCfg = Release|Any CPU
		{7229B5AE-7A7F-47AD-BFB5-B37FF3BD3975}.Release|Any CPU.Build.0 = Release|Any CPU
	EndGlobalSection
	GlobalSection(SolutionProperties) = preSolution
		HideSolutionNode = FALSE
	EndGlobalSection
	GlobalSection(ExtensibilityGlobals) = postSolution
		SolutionGuid = {9ACD59FF-63D1-4008-9A02-D2C432D03814}
	EndGlobalSection
EndGlobal
